
Microsoft Visual Studio Solution File, Format Version 12.00
# Visual Studio Version 17
VisualStudioVersion = 17.8.34511.84
MinimumVisualStudioVersion = 10.0.40219.1
Project("{2150E333-8FDC-42A3-9474-1A3956D46DE8}") = "1.ObserverPattern", "1.ObserverPattern", "{3D15ACFF-4F3A-4F05-9519-491547781E32}"
EndProject
Project("{FAE04EC0-301F-11D3-BF4B-00C04F79EFBC}") = "Observer.WeatherStation", "Observer.WeatherStation\Observer.WeatherStation.csproj", "{B72D89E8-FCC8-41CC-9C9B-B8D6C500E821}"
EndProject
Global
	GlobalSection(SolutionConfigurationPlatforms) = preSolution
		Debug|Any CPU = Debug|Any CPU
		Release|Any CPU = Release|Any CPU
	EndGlobalSection
	GlobalSection(ProjectConfigurationPlatforms) = postSolution
		{B72D89E8-FCC8-41CC-9C9B-B8D6C500E821}.Debug|Any CPU.ActiveCfg = Debug|Any CPU
		{B72D89E8-FCC8-41CC-9C9B-B8D6C500E821}.Debug|Any CPU.Build.0 = Debug|Any CPU
		{B72D89E8-FCC8-41CC-9C9B-B8D6C500E821}.Release|Any CPU.ActiveCfg = Release|Any CPU
		{B72D89E8-FCC8-41CC-9C9B-B8D6C500E821}.Release|Any CPU.Build.0 = Release|Any CPU
	EndGlobalSection
	GlobalSection(SolutionProperties) = preSolution
		HideSolutionNode = FALSE
	EndGlobalSection
	GlobalSection(NestedProjects) = preSolution
		{B72D89E8-FCC8-41CC-9C9B-B8D6C500E821} = {3D15ACFF-4F3A-4F05-9519-491547781E32}
	EndGlobalSection
	GlobalSection(ExtensibilityGlobals) = postSolution
		SolutionGuid = {63CF8BC3-D8F1-4C70-A0DD-4351CFBC3C03}
	EndGlobalSection
EndGlobal
